
Microsoft Visual Studio Solution File, Format Version 12.00
# Visual Studio Version 17
VisualStudioVersion = 17.7.34031.279
MinimumVisualStudioVersion = 10.0.40219.1
Project("{FAE04EC0-301F-11D3-BF4B-00C04F79EFBC}") = "MedicalLab", "MedicalLab\MedicalLab.csproj", "{0ED68560-B11D-4B75-A27F-7278149785A8}"
EndProject
Global
	GlobalSection(SolutionConfigurationPlatforms) = preSolution
		Debug|Any CPU = Debug|Any CPU
		Release|Any CPU = Release|Any CPU
	EndGlobalSection
	GlobalSection(ProjectConfigurationPlatforms) = postSolution
		{0ED68560-B11D-4B75-A27F-7278149785A8}.Debug|Any CPU.ActiveCfg = Debug|Any CPU
		{0ED68560-B11D-4B75-A27F-7278149785A8}.Debug|Any CPU.Build.0 = Debug|Any CPU
		{0ED68560-B11D-4B75-A27F-7278149785A8}.Release|Any CPU.ActiveCfg = Release|Any CPU
		{0ED68560-B11D-4B75-A27F-7278149785A8}.Release|Any CPU.Build.0 = Release|Any CPU
	EndGlobalSection
	GlobalSection(SolutionProperties) = preSolution
		HideSolutionNode = FALSE
	EndGlobalSection
	GlobalSection(ExtensibilityGlobals) = postSolution
		SolutionGuid = {B85B4E15-C4FA-4F9E-A66A-E10CACE40079}
	EndGlobalSection
EndGlobal
